
Microsoft Visual Studio Solution File, Format Version 12.00
# Visual Studio Version 17
VisualStudioVersion = 17.5.33424.131
MinimumVisualStudioVersion = 10.0.40219.1
Project("{8BC9CEB8-8B4A-11D0-8D11-00A0C91BC942}") = "IoFile", "manualException\manualException.vcxproj", "{2472958C-A055-4A84-9550-FD06C3FAF317}"
EndProject
Project("{8BC9CEB8-8B4A-11D0-8D11-00A0C91BC942}") = "ioFileWithPath", "..\ioFileWithPath\ioFileWithPath.vcxproj", "{9C8C75AB-6CE1-419D-822E-179D39297D6A}"
EndProject
Project("{8BC9CEB8-8B4A-11D0-8D11-00A0C91BC942}") = "ManualException", "..\ManualExecption2\ManualExecption2.vcxproj", "{B8783814-2EB4-41E1-8840-1BDB7B657B6D}"
EndProject
Global
	GlobalSection(SolutionConfigurationPlatforms) = preSolution
		Debug|x64 = Debug|x64
		Debug|x86 = Debug|x86
		Release|x64 = Release|x64
		Release|x86 = Release|x86
	EndGlobalSection
	GlobalSection(ProjectConfigurationPlatforms) = postSolution
		{2472958C-A055-4A84-9550-FD06C3FAF317}.Debug|x64.ActiveCfg = Debug|x64
		{2472958C-A055-4A84-9550-FD06C3FAF317}.Debug|x64.Build.0 = Debug|x64
		{2472958C-A055-4A84-9550-FD06C3FAF317}.Debug|x86.ActiveCfg = Debug|Win32
		{2472958C-A055-4A84-9550-FD06C3FAF317}.Debug|x86.Build.0 = Debug|Win32
		{2472958C-A055-4A84-9550-FD06C3FAF317}.Release|x64.ActiveCfg = Release|x64
		{2472958C-A055-4A84-9550-FD06C3FAF317}.Release|x64.Build.0 = Release|x64
		{2472958C-A055-4A84-9550-FD06C3FAF317}.Release|x86.ActiveCfg = Release|Win32
		{2472958C-A055-4A84-9550-FD06C3FAF317}.Release|x86.Build.0 = Release|Win32
		{9C8C75AB-6CE1-419D-822E-179D39297D6A}.Debug|x64.ActiveCfg = Debug|x64
		{9C8C75AB-6CE1-419D-822E-179D39297D6A}.Debug|x64.Build.0 = Debug|x64
		{9C8C75AB-6CE1-419D-822E-179D39297D6A}.Debug|x86.ActiveCfg = Debug|Win32
		{9C8C75AB-6CE1-419D-822E-179D39297D6A}.Debug|x86.Build.0 = Debug|Win32
		{9C8C75AB-6CE1-419D-822E-179D39297D6A}.Release|x64.ActiveCfg = Release|x64
		{9C8C75AB-6CE1-419D-822E-179D39297D6A}.Release|x64.Build.0 = Release|x64
		{9C8C75AB-6CE1-419D-822E-179D39297D6A}.Release|x86.ActiveCfg = Release|Win32
		{9C8C75AB-6CE1-419D-822E-179D39297D6A}.Release|x86.Build.0 = Release|Win32
		{B8783814-2EB4-41E1-8840-1BDB7B657B6D}.Debug|x64.ActiveCfg = Debug|x64
		{B8783814-2EB4-41E1-8840-1BDB7B657B6D}.Debug|x64.Build.0 = Debug|x64
		{B8783814-2EB4-41E1-8840-1BDB7B657B6D}.Debug|x86.ActiveCfg = Debug|Win32
		{B8783814-2EB4-41E1-8840-1BDB7B657B6D}.Debug|x86.Build.0 = Debug|Win32
		{B8783814-2EB4-41E1-8840-1BDB7B657B6D}.Release|x64.ActiveCfg = Release|x64
		{B8783814-2EB4-41E1-8840-1BDB7B657B6D}.Release|x64.Build.0 = Release|x64
		{B8783814-2EB4-41E1-8840-1BDB7B657B6D}.Release|x86.ActiveCfg = Release|Win32
		{B8783814-2EB4-41E1-8840-1BDB7B657B6D}.Release|x86.Build.0 = Release|Win32
	EndGlobalSection
	GlobalSection(SolutionProperties) = preSolution
		HideSolutionNode = FALSE
	EndGlobalSection
	GlobalSection(ExtensibilityGlobals) = postSolution
		SolutionGuid = {1507F461-F449-40B5-A6CF-73C436D3F9A4}
	EndGlobalSection
EndGlobal
